
Microsoft Visual Studio Solution File, Format Version 12.00
Project("{FAE04EC0-301F-11D3-BF4B-00C04F79EFBC}") = "ModelBindingDemo", "ModelBindingDemo\ModelBindingDemo.csproj", "{01702332-8AA6-4AC8-A0A7-191A6C4E187F}"
EndProject
Global
	GlobalSection(SolutionConfigurationPlatforms) = preSolution
		Debug|Any CPU = Debug|Any CPU
		Release|Any CPU = Release|Any CPU
	EndGlobalSection
	GlobalSection(ProjectConfigurationPlatforms) = postSolution
		{01702332-8AA6-4AC8-A0A7-191A6C4E187F}.Debug|Any CPU.ActiveCfg = Debug|Any CPU
		{01702332-8AA6-4AC8-A0A7-191A6C4E187F}.Debug|Any CPU.Build.0 = Debug|Any CPU
		{01702332-8AA6-4AC8-A0A7-191A6C4E187F}.Release|Any CPU.ActiveCfg = Release|Any CPU
		{01702332-8AA6-4AC8-A0A7-191A6C4E187F}.Release|Any CPU.Build.0 = Release|Any CPU
	EndGlobalSection
EndGlobal
