
Microsoft Visual Studio Solution File, Format Version 12.00
Project("{FAE04EC0-301F-11D3-BF4B-00C04F79EFBC}") = "HttpContext", "HttpContext\HttpContext.csproj", "{A1740D99-53C6-4D13-BFC9-6D14831C5796}"
EndProject
Global
	GlobalSection(SolutionConfigurationPlatforms) = preSolution
		Debug|Any CPU = Debug|Any CPU
		Release|Any CPU = Release|Any CPU
	EndGlobalSection
	GlobalSection(ProjectConfigurationPlatforms) = postSolution
		{A1740D99-53C6-4D13-BFC9-6D14831C5796}.Debug|Any CPU.ActiveCfg = Debug|Any CPU
		{A1740D99-53C6-4D13-BFC9-6D14831C5796}.Debug|Any CPU.Build.0 = Debug|Any CPU
		{A1740D99-53C6-4D13-BFC9-6D14831C5796}.Release|Any CPU.ActiveCfg = Release|Any CPU
		{A1740D99-53C6-4D13-BFC9-6D14831C5796}.Release|Any CPU.Build.0 = Release|Any CPU
	EndGlobalSection
EndGlobal
